# This file is automatically @generated by Cargo.
# It is not intended for manual editing.
version = 3

[[package]]
name = "cidr"
version = "0.2.2"
source = "registry+https://github.com/rust-lang/crates.io-index"
checksum = "8d18b093eba54c9aaa1e3784d4361eb2ba944cf7d0a932a830132238f483e8d8"

[[package]]
name = "subnet-garden-core"
version = "0.1.0"
dependencies = [
 "cidr",
]
